
Microsoft Visual Studio Solution File, Format Version 12.00
# Visual Studio Version 16
VisualStudioVersion = 16.0.33214.272
MinimumVisualStudioVersion = 10.0.40219.1
Project("{FAE04EC0-301F-11D3-BF4B-00C04F79EFBC}") = "BIIT_HRM_System", "BIIT_HRM_System\BIIT_HRM_System.csproj", "{094589B9-3CF2-45E2-B7D5-F937224BD625}"
EndProject
Global
	GlobalSection(SolutionConfigurationPlatforms) = preSolution
		Debug|Any CPU = Debug|Any CPU
		Release|Any CPU = Release|Any CPU
	EndGlobalSection
	GlobalSection(ProjectConfigurationPlatforms) = postSolution
		{094589B9-3CF2-45E2-B7D5-F937224BD625}.Debug|Any CPU.ActiveCfg = Debug|Any CPU
		{094589B9-3CF2-45E2-B7D5-F937224BD625}.Debug|Any CPU.Build.0 = Debug|Any CPU
		{094589B9-3CF2-45E2-B7D5-F937224BD625}.Release|Any CPU.ActiveCfg = Release|Any CPU
		{094589B9-3CF2-45E2-B7D5-F937224BD625}.Release|Any CPU.Build.0 = Release|Any CPU
	EndGlobalSection
	GlobalSection(SolutionProperties) = preSolution
		HideSolutionNode = FALSE
	EndGlobalSection
	GlobalSection(ExtensibilityGlobals) = postSolution
		SolutionGuid = {2425C1FE-2D99-4EDC-8420-B5583A973AC1}
	EndGlobalSection
EndGlobal
